// !$*UTF8*$!
{
	archiveVersion = 1;
	classes = {
	};
	objectVersion = 46;
	objects = {

/* Begin PBXBuildFile section */
		05F700921D491B4800859860 /* AppDelegate.swift in Sources */ = {isa = PBXBuildFile; fileRef = 05F700911D491B4800859860 /* AppDelegate.swift */; };
		05F700941D491B4800859860 /* ViewController.swift in Sources */ = {isa = PBXBuildFile; fileRef = 05F700931D491B4800859860 /* ViewController.swift */; };
		05F700971D491B4800859860 /* Main.storyboard in Resources */ = {isa = PBXBuildFile; fileRef = 05F700951D491B4800859860 /* Main.storyboard */; };
		05F700991D491B4800859860 /* Assets.xcassets in Resources */ = {isa = PBXBuildFile; fileRef = 05F700981D491B4800859860 /* Assets.xcassets */; };
		05F7009C1D491B4800859860 /* LaunchScreen.storyboard in Resources */ = {isa = PBXBuildFile; fileRef = 05F7009A1D491B4800859860 /* LaunchScreen.storyboard */; };
		05F700A71D491B4800859860 /* NavManagerTests.swift in Sources */ = {isa = PBXBuildFile; fileRef = 05F700A61D491B4800859860 /* NavManagerTests.swift */; };
		05F700B21D491B4800859860 /* NavManagerUITests.swift in Sources */ = {isa = PBXBuildFile; fileRef = 05F700B11D491B4800859860 /* NavManagerUITests.swift */; };
/* End PBXBuildFile section */

/* Begin PBXContainerItemProxy section */
		05F700A31D491B4800859860 /* PBXContainerItemProxy */ = {
			isa = PBXContainerItemProxy;
			containerPortal = 05F700861D491B4800859860 /* Project object */;
			proxyType = 1;
			remoteGlobalIDString = 05F7008D1D491B4800859860;
			remoteInfo = NavManager;
		};
		05F700AE1D491B4800859860 /* PBXContainerItemProxy */ = {
			isa = PBXContainerItemProxy;
			containerPortal = 05F700861D491B4800859860 /* Project object */;
			proxyType = 1;
			remoteGlobalIDString = 05F7008D1D491B4800859860;
			remoteInfo = NavManager;
		};
/* End PBXContainerItemProxy section */

/* Begin PBXFileReference section */
		05F7008E1D491B4800859860 /* NavManager.app */ = {isa = PBXFileReference; explicitFileType = wrapper.application; includeInIndex = 0; path = NavManager.app; sourceTree = BUILT_PRODUCTS_DIR; };
		05F700911D491B4800859860 /* AppDelegate.swift */ = {isa = PBXFileReference; lastKnownFileType = sourcecode.swift; path = AppDelegate.swift; sourceTree = "<group>"; };
		05F700931D491B4800859860 /* ViewController.swift */ = {isa = PBXFileReference; lastKnownFileType = sourcecode.swift; path = ViewController.swift; sourceTree = "<group>"; };
		05F700961D491B4800859860 /* Base */ = {isa = PBXFileReference; lastKnownFileType = file.storyboard; name = Base; path = Base.lproj/Main.storyboard; sourceTree = "<group>"; };
		05F700981D491B4800859860 /* Assets.xcassets */ = {isa = PBXFileReference; lastKnownFileType = folder.assetcatalog; path = Assets.xcassets; sourceTree = "<group>"; };
		05F7009B1D491B4800859860 /* Base */ = {isa = PBXFileReference; lastKnownFileType = file.storyboard; name = Base; path = Base.lproj/LaunchScreen.storyboard; sourceTree = "<group>"; };
		05F7009D1D491B4800859860 /* Info.plist */ = {isa = PBXFileReference; lastKnownFileType = text.plist.xml; path = Info.plist; sourceTree = "<group>"; };
		05F700A21D491B4800859860 /* NavManagerTests.xctest */ = {isa = PBXFileReference; explicitFileType = wrapper.cfbundle; includeInIndex = 0; path = NavManagerTests.xctest; sourceTree = BUILT_PRODUCTS_DIR; };
		05F700A61D491B4800859860 /* NavManagerTests.swift */ = {isa = PBXFileReference; lastKnownFileType = sourcecode.swift; path = NavManagerTests.swift; sourceTree = "<group>"; };
		05F700A81D491B4800859860 /* Info.plist */ = {isa = PBXFileReference; lastKnownFileType = text.plist.xml; path = Info.plist; sourceTree = "<group>"; };
		05F700AD1D491B4800859860 /* NavManagerUITests.xctest */ = {isa = PBXFileReference; explicitFileType = wrapper.cfbundle; includeInIndex = 0; path = NavManagerUITests.xctest; sourceTree = BUILT_PRODUCTS_DIR; };
		05F700B11D491B4800859860 /* NavManagerUITests.swift */ = {isa = PBXFileReference; lastKnownFileType = sourcecode.swift; path = NavManagerUITests.swift; sourceTree = "<group>"; };
		05F700B31D491B4800859860 /* Info.plist */ = {isa = PBXFileReference; lastKnownFileType = text.plist.xml; path = Info.plist; sourceTree = "<group>"; };
/* End PBXFileReference section */

/* Begin PBXFrameworksBuildPhase section */
		05F7008B1D491B4800859860 /* Frameworks */ = {
			isa = PBXFrameworksBuildPhase;
			buildActionMask = 2147483647;
			files = (
			);
			runOnlyForDeploymentPostprocessing = 0;
		};
		05F7009F1D491B4800859860 /* Frameworks */ = {
			isa = PBXFrameworksBuildPhase;
			buildActionMask = 2147483647;
			files = (
			);
			runOnlyForDeploymentPostprocessing = 0;
		};
		05F700AA1D491B4800859860 /* Frameworks */ = {
			isa = PBXFrameworksBuildPhase;
			buildActionMask = 2147483647;
			files = (
			);
			runOnlyForDeploymentPostprocessing = 0;
		};
/* End PBXFrameworksBuildPhase section */

/* Begin PBXGroup section */
		05F700851D491B4800859860 = {
			isa = PBXGroup;
			children = (
				05F700901D491B4800859860 /* NavManager */,
				05F700A51D491B4800859860 /* NavManagerTests */,
				05F700B01D491B4800859860 /* NavManagerUITests */,
				05F7008F1D491B4800859860 /* Products */,
			);
			sourceTree = "<group>";
		};
		05F7008F1D491B4800859860 /* Products */ = {
			isa = PBXGroup;
			children = (
				05F7008E1D491B4800859860 /* NavManager.app */,
				05F700A21D491B4800859860 /* NavManagerTests.xctest */,
				05F700AD1D491B4800859860 /* NavManagerUITests.xctest */,
			);
			name = Products;
			sourceTree = "<group>";
		};
		05F700901D491B4800859860 /* NavManager */ = {
			isa = PBXGroup;
			children = (
				05F700911D491B4800859860 /* AppDelegate.swift */,
				05F700931D491B4800859860 /* ViewController.swift */,
				05F700951D491B4800859860 /* Main.storyboard */,
				05F700981D491B4800859860 /* Assets.xcassets */,
				05F7009A1D491B4800859860 /* LaunchScreen.storyboard */,
				05F7009D1D491B4800859860 /* Info.plist */,
			);
			path = NavManager;
			sourceTree = "<group>";
		};
		05F700A51D491B4800859860 /* NavManagerTests */ = {
			isa = PBXGroup;
			children = (
				05F700A61D491B4800859860 /* NavManagerTests.swift */,
				05F700A81D491B4800859860 /* Info.plist */,
			);
			path = NavManagerTests;
			sourceTree = "<group>";
		};
		05F700B01D491B4800859860 /* NavManagerUITests */ = {
			isa = PBXGroup;
			children = (
				05F700B11D491B4800859860 /* NavManagerUITests.swift */,
				05F700B31D491B4800859860 /* Info.plist */,
			);
			path = NavManagerUITests;
			sourceTree = "<group>";
		};
/* End PBXGroup section */

/* Begin PBXNativeTarget section */
		05F7008D1D491B4800859860 /* NavManager */ = {
			isa = PBXNativeTarget;
			buildConfigurationList = 05F700B61D491B4800859860 /* Build configuration list for PBXNativeTarget "NavManager" */;
			buildPhases = (
				05F7008A1D491B4800859860 /* Sources */,
				05F7008B1D491B4800859860 /* Frameworks */,
				05F7008C1D491B4800859860 /* Resources */,
			);
			buildRules = (
			);
			dependencies = (
			);
			name = NavManager;
			productName = NavManager;
			productReference = 05F7008E1D491B4800859860 /* NavManager.app */;
			productType = "com.apple.product-type.application";
		};
		05F700A11D491B4800859860 /* NavManagerTests */ = {
			isa = PBXNativeTarget;
			buildConfigurationList = 05F700B91D491B4800859860 /* Build configuration list for PBXNativeTarget "NavManagerTests" */;
			buildPhases = (
				05F7009E1D491B4800859860 /* Sources */,
				05F7009F1D491B4800859860 /* Frameworks */,
				05F700A01D491B4800859860 /* Resources */,
			);
			buildRules = (
			);
			dependencies = (
				05F700A41D491B4800859860 /* PBXTargetDependency */,
			);
			name = NavManagerTests;
			productName = NavManagerTests;
			productReference = 05F700A21D491B4800859860 /* NavManagerTests.xctest */;
			productType = "com.apple.product-type.bundle.unit-test";
		};
		05F700AC1D491B4800859860 /* NavManagerUITests */ = {
			isa = PBXNativeTarget;
			buildConfigurationList = 05F700BC1D491B4800859860 /* Build configuration list for PBXNativeTarget "NavManagerUITests" */;
			buildPhases = (
				05F700A91D491B4800859860 /* Sources */,
				05F700AA1D491B4800859860 /* Frameworks */,
				05F700AB1D491B4800859860 /* Resources */,
			);
			buildRules = (
			);
			dependencies = (
				05F700AF1D491B4800859860 /* PBXTargetDependency */,
			);
			name = NavManagerUITests;
			productName = NavManagerUITests;
			productReference = 05F700AD1D491B4800859860 /* NavManagerUITests.xctest */;
			productType = "com.apple.product-type.bundle.ui-testing";
		};
/* End PBXNativeTarget section */

/* Begin PBXProject section */
		05F700861D491B4800859860 /* Project object */ = {
			isa = PBXProject;
			attributes = {
				LastSwiftUpdateCheck = 0730;
				LastUpgradeCheck = 0730;
				ORGANIZATIONNAME = hantianyu;
				TargetAttributes = {
					05F7008D1D491B4800859860 = {
						CreatedOnToolsVersion = 7.3.1;
					};
					05F700A11D491B4800859860 = {
						CreatedOnToolsVersion = 7.3.1;
						TestTargetID = 05F7008D1D491B4800859860;
					};
					05F700AC1D491B4800859860 = {
						CreatedOnToolsVersion = 7.3.1;
						TestTargetID = 05F7008D1D491B4800859860;
					};
				};
			};
			buildConfigurationList = 05F700891D491B4800859860 /* Build configuration list for PBXProject "NavManager" */;
			compatibilityVersion = "Xcode 3.2";
			developmentRegion = English;
			hasScannedForEncodings = 0;
			knownRegions = (
				en,
				Base,
			);
			mainGroup = 05F700851D491B4800859860;
			productRefGroup = 05F7008F1D491B4800859860 /* Products */;
			projectDirPath = "";
			projectRoot = "";
			targets = (
				05F7008D1D491B4800859860 /* NavManager */,
				05F700A11D491B4800859860 /* NavManagerTests */,
				05F700AC1D491B4800859860 /* NavManagerUITests */,
			);
		};
/* End PBXProject section */

/* Begin PBXResourcesBuildPhase section */
		05F7008C1D491B4800859860 /* Resources */ = {
			isa = PBXResourcesBuildPhase;
			buildActionMask = 2147483647;
			files = (
				05F7009C1D491B4800859860 /* LaunchScreen.storyboard in Resources */,
				05F700991D491B4800859860 /* Assets.xcassets in Resources */,
				05F700971D491B4800859860 /* Main.storyboard in Resources */,
			);
			runOnlyForDeploymentPostprocessing = 0;
		};
		05F700A01D491B4800859860 /* Resources */ = {
			isa = PBXResourcesBuildPhase;
			buildActionMask = 2147483647;
			files = (
			);
			runOnlyForDeploymentPostprocessing = 0;
		};
		05F700AB1D491B4800859860 /* Resources */ = {
			isa = PBXResourcesBuildPhase;
			buildActionMask = 2147483647;
			files = (
			);
			runOnlyForDeploymentPostprocessing = 0;
		};
/* End PBXResourcesBuildPhase section */

/* Begin PBXSourcesBuildPhase section */
		05F7008A1D491B4800859860 /* Sources */ = {
			isa = PBXSourcesBuildPhase;
			buildActionMask = 2147483647;
			files = (
				05F700941D491B4800859860 /* ViewController.swift in Sources */,
				05F700921D491B4800859860 /* AppDelegate.swift in Sources */,
			);
			runOnlyForDeploymentPostprocessing = 0;
		};
		05F7009E1D491B4800859860 /* Sources */ = {
			isa = PBXSourcesBuildPhase;
			buildActionMask = 2147483647;
			files = (
				05F700A71D491B4800859860 /* NavManagerTests.swift in Sources */,
			);
			runOnlyForDeploymentPostprocessing = 0;
		};
		05F700A91D491B4800859860 /* Sources */ = {
			isa = PBXSourcesBuildPhase;
			buildActionMask = 2147483647;
			files = (
				05F700B21D491B4800859860 /* NavManagerUITests.swift in Sources */,
			);
			runOnlyForDeploymentPostprocessing = 0;
		};
/* End PBXSourcesBuildPhase section */

/* Begin PBXTargetDependency section */
		05F700A41D491B4800859860 /* PBXTargetDependency */ = {
			isa = PBXTargetDependency;
			target = 05F7008D1D491B4800859860 /* NavManager */;
			targetProxy = 05F700A31D491B4800859860 /* PBXContainerItemProxy */;
		};
		05F700AF1D491B4800859860 /* PBXTargetDependency */ = {
			isa = PBXTargetDependency;
			target = 05F7008D1D491B4800859860 /* NavManager */;
			targetProxy = 05F700AE1D491B4800859860 /* PBXContainerItemProxy */;
		};
/* End PBXTargetDependency section */

/* Begin PBXVariantGroup section */
		05F700951D491B4800859860 /* Main.storyboard */ = {
			isa = PBXVariantGroup;
			children = (
				05F700961D491B4800859860 /* Base */,
			);
			name = Main.storyboard;
			sourceTree = "<group>";
		};
		05F7009A1D491B4800859860 /* LaunchScreen.storyboard */ = {
			isa = PBXVariantGroup;
			children = (
				05F7009B1D491B4800859860 /* Base */,
			);
			name = LaunchScreen.storyboard;
			sourceTree = "<group>";
		};
/* End PBXVariantGroup section */

/* Begin XCBuildConfiguration section */
		05F700B41D491B4800859860 /* Debug */ = {
			isa = XCBuildConfiguration;
			buildSettings = {
				ALWAYS_SEARCH_USER_PATHS = NO;
				CLANG_ANALYZER_NONNULL = YES;
				CLANG_CXX_LANGUAGE_STANDARD = "gnu++0x";
				CLANG_CXX_LIBRARY = "libc++";
				CLANG_ENABLE_MODULES = YES;
				CLANG_ENABLE_OBJC_ARC = YES;
				CLANG_WARN_BOOL_CONVERSION = YES;
				CLANG_WARN_CONSTANT_CONVERSION = YES;
				CLANG_WARN_DIRECT_OBJC_ISA_USAGE = YES_ERROR;
				CLANG_WARN_EMPTY_BODY = YES;
				CLANG_WARN_ENUM_CONVERSION = YES;
				CLANG_WARN_INT_CONVERSION = YES;
				CLANG_WARN_OBJC_ROOT_CLASS = YES_ERROR;
				CLANG_WARN_UNREACHABLE_CODE = YES;
				CLANG_WARN__DUPLICATE_METHOD_MATCH = YES;
				"CODE_SIGN_IDENTITY[sdk=iphoneos*]" = "iPhone Developer";
				COPY_PHASE_STRIP = NO;
				DEBUG_INFORMATION_FORMAT = dwarf;
				ENABLE_STRICT_OBJC_MSGSEND = YES;
				ENABLE_TESTABILITY = YES;
				GCC_C_LANGUAGE_STANDARD = gnu99;
				GCC_DYNAMIC_NO_PIC = NO;
				GCC_NO_COMMON_BLOCKS = YES;
				GCC_OPTIMIZATION_LEVEL = 0;
				GCC_PREPROCESSOR_DEFINITIONS = (
					"DEBUG=1",
					"$(inherited)",
				);
				GCC_WARN_64_TO_32_BIT_CONVERSION = YES;
				GCC_WARN_ABOUT_RETURN_TYPE = YES_ERROR;
				GCC_WARN_UNDECLARED_SELECTOR = YES;
				GCC_WARN_UNINITIALIZED_AUTOS = YES_AGGRESSIVE;
				GCC_WARN_UNUSED_FUNCTION = YES;
				GCC_WARN_UNUSED_VARIABLE = YES;
				IPHONEOS_DEPLOYMENT_TARGET = 9.3;
				MTL_ENABLE_DEBUG_INFO = YES;
				ONLY_ACTIVE_ARCH = YES;
				SDKROOT = iphoneos;
				SWIFT_OPTIMIZATION_LEVEL = "-Onone";
			};
			name = Debug;
		};
		05F700B51D491B4800859860 /* Release */ = {
			isa = XCBuildConfiguration;
			buildSettings = {
				ALWAYS_SEARCH_USER_PATHS = NO;
				CLANG_ANALYZER_NONNULL = YES;
				CLANG_CXX_LANGUAGE_STANDARD = "gnu++0x";
				CLANG_CXX_LIBRARY = "libc++";
				CLANG_ENABLE_MODULES = YES;
				CLANG_ENABLE_OBJC_ARC = YES;
				CLANG_WARN_BOOL_CONVERSION = YES;
				CLANG_WARN_CONSTANT_CONVERSION = YES;
				CLANG_WARN_DIRECT_OBJC_ISA_USAGE = YES_ERROR;
				CLANG_WARN_EMPTY_BODY = YES;
				CLANG_WARN_ENUM_CONVERSION = YES;
				CLANG_WARN_INT_CONVERSION = YES;
				CLANG_WARN_OBJC_ROOT_CLASS = YES_ERROR;
				CLANG_WARN_UNREACHABLE_CODE = YES;
				CLANG_WARN__DUPLICATE_METHOD_MATCH = YES;
				"CODE_SIGN_IDENTITY[sdk=iphoneos*]" = "iPhone Developer";
				COPY_PHASE_STRIP = NO;
				DEBUG_INFORMATION_FORMAT = "dwarf-with-dsym";
				ENABLE_NS_ASSERTIONS = NO;
				ENABLE_STRICT_OBJC_MSGSEND = YES;
				GCC_C_LANGUAGE_STANDARD = gnu99;
				GCC_NO_COMMON_BLOCKS = YES;
				GCC_WARN_64_TO_32_BIT_CONVERSION = YES;
				GCC_WARN_ABOUT_RETURN_TYPE = YES_ERROR;
				GCC_WARN_UNDECLARED_SELECTOR = YES;
				GCC_WARN_UNINITIALIZED_AUTOS = YES_AGGRESSIVE;
				GCC_WARN_UNUSED_FUNCTION = YES;
				GCC_WARN_UNUSED_VARIABLE = YES;
				IPHONEOS_DEPLOYMENT_TARGET = 9.3;
				MTL_ENABLE_DEBUG_INFO = NO;
				SDKROOT = iphoneos;
				VALIDATE_PRODUCT = YES;
			};
			name = Release;
		};
		05F700B71D491B4800859860 /* Debug */ = {
			isa = XCBuildConfiguration;
			buildSettings = {
				ASSETCATALOG_COMPILER_APPICON_NAME = AppIcon;
				INFOPLIST_FILE = NavManager/Info.plist;
				LD_RUNPATH_SEARCH_PATHS = "$(inherited) @executable_path/Frameworks";
				PRODUCT_BUNDLE_IDENTIFIER = com.HTY.NavManager;
				PRODUCT_NAME = "$(TARGET_NAME)";
			};
			name = Debug;
		};
		05F700B81D491B4800859860 /* Release */ = {
			isa = XCBuildConfiguration;
			buildSettings = {
				ASSETCATALOG_COMPILER_APPICON_NAME = AppIcon;
				INFOPLIST_FILE = NavManager/Info.plist;
				LD_RUNPATH_SEARCH_PATHS = "$(inherited) @executable_path/Frameworks";
				PRODUCT_BUNDLE_IDENTIFIER = com.HTY.NavManager;
				PRODUCT_NAME = "$(TARGET_NAME)";
			};
			name = Release;
		};
		05F700BA1D491B4800859860 /* Debug */ = {
			isa = XCBuildConfiguration;
			buildSettings = {
				BUNDLE_LOADER = "$(TEST_HOST)";
				INFOPLIST_FILE = NavManagerTests/Info.plist;
				LD_RUNPATH_SEARCH_PATHS = "$(inherited) @executable_path/Frameworks @loader_path/Frameworks";
				PRODUCT_BUNDLE_IDENTIFIER = com.HTY.NavManagerTests;
				PRODUCT_NAME = "$(TARGET_NAME)";
				TEST_HOST = "$(BUILT_PRODUCTS_DIR)/NavManager.app/NavManager";
			};
			name = Debug;
		};
		05F700BB1D491B4800859860 /* Release */ = {
			isa = XCBuildConfiguration;
			buildSettings = {
				BUNDLE_LOADER = "$(TEST_HOST)";
				INFOPLIST_FILE = NavManagerTests/Info.plist;
				LD_RUNPATH_SEARCH_PATHS = "$(inherited) @executable_path/Frameworks @loader_path/Frameworks";
				PRODUCT_BUNDLE_IDENTIFIER = com.HTY.NavManagerTests;
				PRODUCT_NAME = "$(TARGET_NAME)";
				TEST_HOST = "$(BUILT_PRODUCTS_DIR)/NavManager.app/NavManager";
			};
			name = Release;
		};
		05F700BD1D491B4800859860 /* Debug */ = {
			isa = XCBuildConfiguration;
			buildSettings = {
				INFOPLIST_FILE = NavManagerUITests/Info.plist;
				LD_RUNPATH_SEARCH_PATHS = "$(inherited) @executable_path/Frameworks @loader_path/Frameworks";
				PRODUCT_BUNDLE_IDENTIFIER = com.HTY.NavManagerUITests;
				PRODUCT_NAME = "$(TARGET_NAME)";
				TEST_TARGET_NAME = NavManager;
			};
			name = Debug;
		};
		05F700BE1D491B4800859860 /* Release */ = {
			isa = XCBuildConfiguration;
			buildSettings = {
				INFOPLIST_FILE = NavManagerUITests/Info.plist;
				LD_RUNPATH_SEARCH_PATHS = "$(inherited) @executable_path/Frameworks @loader_path/Frameworks";
				PRODUCT_BUNDLE_IDENTIFIER = com.HTY.NavManagerUITests;
				PRODUCT_NAME = "$(TARGET_NAME)";
				TEST_TARGET_NAME = NavManager;
			};
			name = Release;
		};
/* End XCBuildConfiguration section */

/* Begin XCConfigurationList section */
		05F700891D491B4800859860 /* Build configuration list for PBXProject "NavManager" */ = {
			isa = XCConfigurationList;
			buildConfigurations = (
				05F700B41D491B4800859860 /* Debug */,
				05F700B51D491B4800859860 /* Release */,
			);
			defaultConfigurationIsVisible = 0;
			defaultConfigurationName = Release;
		};
		05F700B61D491B4800859860 /* Build configuration list for PBXNativeTarget "NavManager" */ = {
			isa = XCConfigurationList;
			buildConfigurations = (
				05F700B71D491B4800859860 /* Debug */,
				05F700B81D491B4800859860 /* Release */,
			);
			defaultConfigurationIsVisible = 0;
		};
		05F700B91D491B4800859860 /* Build configuration list for PBXNativeTarget "NavManagerTests" */ = {
			isa = XCConfigurationList;
			buildConfigurations = (
				05F700BA1D491B4800859860 /* Debug */,
				05F700BB1D491B4800859860 /* Release */,
			);
			defaultConfigurationIsVisible = 0;
		};
		05F700BC1D491B4800859860 /* Build configuration list for PBXNativeTarget "NavManagerUITests" */ = {
			isa = XCConfigurationList;
			buildConfigurations = (
				05F700BD1D491B4800859860 /* Debug */,
				05F700BE1D491B4800859860 /* Release */,
			);
			defaultConfigurationIsVisible = 0;
		};
/* End XCConfigurationList section */
	};
	rootObject = 05F700861D491B4800859860 /* Project object */;
}
